
Microsoft Visual Studio Solution File, Format Version 12.00
# Visual Studio 14
VisualStudioVersion = 14.0.25420.1
MinimumVisualStudioVersion = 10.0.40219.1
Project("{2150E333-8FDC-42A3-9474-1A3956D46DE8}") = "src", "src", "{09CB806A-D578-4333-886F-96FE4FA40AE8}"
EndProject
Project("{2150E333-8FDC-42A3-9474-1A3956D46DE8}") = "Solution Items", "Solution Items", "{E21A2016-0B4F-4F64-9C89-1FE07C7F2B6C}"
	ProjectSection(SolutionItems) = preProject
		global.json = global.json
	EndProjectSection
EndProject
Project("{8BB2217D-0F2D-49D1-97BC-3654ED321F3B}") = "AzureStorageEmulator", "src\AzureStorageEmulator\AzureStorageEmulator.xproj", "{C5667D38-57EA-4608-88B5-F325C6F77C87}"
EndProject
Global
	GlobalSection(SolutionConfigurationPlatforms) = preSolution
		Debug|Any CPU = Debug|Any CPU
		Release|Any CPU = Release|Any CPU
	EndGlobalSection
	GlobalSection(ProjectConfigurationPlatforms) = postSolution
		{C5667D38-57EA-4608-88B5-F325C6F77C87}.Debug|Any CPU.ActiveCfg = Debug|Any CPU
		{C5667D38-57EA-4608-88B5-F325C6F77C87}.Debug|Any CPU.Build.0 = Debug|Any CPU
		{C5667D38-57EA-4608-88B5-F325C6F77C87}.Release|Any CPU.ActiveCfg = Release|Any CPU
		{C5667D38-57EA-4608-88B5-F325C6F77C87}.Release|Any CPU.Build.0 = Release|Any CPU
	EndGlobalSection
	GlobalSection(SolutionProperties) = preSolution
		HideSolutionNode = FALSE
	EndGlobalSection
	GlobalSection(NestedProjects) = preSolution
		{C5667D38-57EA-4608-88B5-F325C6F77C87} = {09CB806A-D578-4333-886F-96FE4FA40AE8}
	EndGlobalSection
EndGlobal
